<?xml version="1.0" encoding="utf-8"?>
<Project ToolsVersion="4.0" xmlns="http://schemas.microsoft.com/developer/msbuild/2003">
  <ItemGroup>
    <Filter Include="Cores">
      <UniqueIdentifier>{32cc3dc2-c9c9-48dc-927e-6f1218a02d0f}</UniqueIdentifier>
    </Filter>
    <Filter Include="Utilities">
      <UniqueIdentifier>{34b027f1-e044-4463-b641-4a3970188826}</UniqueIdentifier>
    </Filter>
    <Filter Include="Containers">
      <UniqueIdentifier>{1116bf39-9c40-4c1c-b315-f09b354038d0}</UniqueIdentifier>
    </Filter>
    <Filter Include="Main">
      <UniqueIdentifier>{1da178ca-5385-46fe-a3ac-7b153c3d3502}</UniqueIdentifier>
    </Filter>
    <Filter Include="Legacy">
      <UniqueIdentifier>{32468784-efc5-4299-9ceb-35be072e6927}</UniqueIdentifier>
    </Filter>
    <Filter Include="Game Utility Classes">
      <UniqueIdentifier>{6d19b6fb-7cc7-4865-a2dc-3fd82137e10e}</UniqueIdentifier>
    </Filter>
    <Filter Include="Game Utility Classes\Base Classes">
      <UniqueIdentifier>{a364daf4-c5c3-47b6-a422-21b36714c7ed}</UniqueIdentifier>
    </Filter>
    <Filter Include="Game Utility Classes\Levels">
      <UniqueIdentifier>{c083f208-7f9a-4953-949c-3625303c795f}</UniqueIdentifier>
    </Filter>
    <Filter Include="Game Utility Classes\Effects">
      <UniqueIdentifier>{5fbebdc0-b4be-47f6-837a-4f9a758c672e}</UniqueIdentifier>
    </Filter>
    <Filter Include="Game Classes">
      <UniqueIdentifier>{81135a7f-c380-4a4a-a5b3-8b3d70da30c4}</UniqueIdentifier>
    </Filter>
    <Filter Include="Game Classes\Salem">
      <UniqueIdentifier>{fad7cb2e-f5c6-46c8-aa4c-9c117f2a270c}</UniqueIdentifier>
    </Filter>
    <Filter Include="Game Classes\Breakout">
      <UniqueIdentifier>{e3cf4699-5b3f-462c-a74f-423761d04d97}</UniqueIdentifier>
    </Filter>
  </ItemGroup>
  <ItemGroup>
    <ClCompile Include="Source\CubeGrid.cpp">
      <Filter>Containers</Filter>
    </ClCompile>
    <ClCompile Include="Source\SquareGrid.cpp">
      <Filter>Containers</Filter>
    </ClCompile>
    <ClCompile Include="Source\Vector2D.cpp">
      <Filter>Containers</Filter>
    </ClCompile>
    <ClCompile Include="Source\Vector2DF.cpp">
      <Filter>Containers</Filter>
    </ClCompile>
    <ClCompile Include="Source\GlobalData.cpp">
      <Filter>Cores</Filter>
    </ClCompile>
    <ClCompile Include="Source\GraphicsCore.cpp">
      <Filter>Cores</Filter>
    </ClCompile>
    <ClCompile Include="Source\Shape2D.cpp">
      <Filter>Containers</Filter>
    </ClCompile>
    <ClCompile Include="Source\Shape2DCircle.cpp">
      <Filter>Containers</Filter>
    </ClCompile>
    <ClCompile Include="Source\Shape2DRect.cpp">
      <Filter>Containers</Filter>
    </ClCompile>
    <ClCompile Include="Source\InputEvent.cpp">
      <Filter>Containers</Filter>
    </ClCompile>
    <ClCompile Include="Source\EventCore.cpp">
      <Filter>Cores</Filter>
    </ClCompile>
    <ClCompile Include="Source\AudioCore.cpp">
      <Filter>Cores</Filter>
    </ClCompile>
    <ClCompile Include="Source\Animation.cpp">
      <Filter>Containers</Filter>
    </ClCompile>
    <ClCompile Include="Source\dirent.c">
      <Filter>Utilities</Filter>
    </ClCompile>
    <ClCompile Include="Source\FileReader.cpp">
      <Filter>Utilities</Filter>
    </ClCompile>
    <ClCompile Include="Source\main.cpp">
      <Filter>Main</Filter>
    </ClCompile>
    <ClCompile Include="Source\CharacterController.cpp">
      <Filter>Game Utility Classes\Base Classes</Filter>
    </ClCompile>
    <ClCompile Include="Source\GameObject.cpp">
      <Filter>Game Utility Classes\Base Classes</Filter>
    </ClCompile>
    <ClCompile Include="Source\MappyLevel.cpp">
      <Filter>Legacy</Filter>
    </ClCompile>
    <ClCompile Include="Source\mappy_A5.c">
      <Filter>Legacy</Filter>
    </ClCompile>
    <ClCompile Include="Source\Timer.cpp">
      <Filter>Utilities</Filter>
    </ClCompile>
    <ClCompile Include="Source\Emitter.cpp">
      <Filter>Game Utility Classes\Base Classes</Filter>
    </ClCompile>
    <ClCompile Include="Source\LuaInterface.cpp">
      <Filter>Cores</Filter>
    </ClCompile>
    <ClCompile Include="Source\BreakoutBall.cpp">
      <Filter>Game Classes\Breakout</Filter>
    </ClCompile>
    <ClCompile Include="Source\BreakoutBlock.cpp">
      <Filter>Game Classes\Breakout</Filter>
    </ClCompile>
    <ClCompile Include="Source\BreakoutPaddle.cpp">
      <Filter>Game Classes\Breakout</Filter>
    </ClCompile>
    <ClCompile Include="Source\BreakoutPaddleController.cpp">
      <Filter>Game Classes\Breakout</Filter>
    </ClCompile>
    <ClCompile Include="Source\Witch.cpp">
      <Filter>Game Classes\Salem</Filter>
    </ClCompile>
    <ClCompile Include="Source\WitchController.cpp">
      <Filter>Game Classes\Salem</Filter>
    </ClCompile>
    <ClCompile Include="Source\UtilityCircle.cpp">
      <Filter>Game Utility Classes\Base Classes</Filter>
    </ClCompile>
    <ClCompile Include="Source\UtilityRectangle.cpp">
      <Filter>Game Utility Classes\Base Classes</Filter>
    </ClCompile>
    <ClCompile Include="Source\Bullet.cpp">
      <Filter>Game Classes\Salem</Filter>
    </ClCompile>
    <ClCompile Include="Source\LevelCollisionTile.cpp">
      <Filter>Game Utility Classes\Levels</Filter>
    </ClCompile>
    <ClCompile Include="Source\TiledLevel.cpp">
      <Filter>Game Utility Classes\Levels</Filter>
    </ClCompile>
    <ClCompile Include="Source\ParticleEmitter.cpp">
      <Filter>Game Utility Classes\Effects</Filter>
    </ClCompile>
  </ItemGroup>
  <ItemGroup>
    <ClInclude Include="Source\CubeGrid.h">
      <Filter>Containers</Filter>
    </ClInclude>
    <ClInclude Include="Source\SquareGrid.h">
      <Filter>Containers</Filter>
    </ClInclude>
    <ClInclude Include="Source\Vector2D.h">
      <Filter>Containers</Filter>
    </ClInclude>
    <ClInclude Include="Source\Vector2DF.h">
      <Filter>Containers</Filter>
    </ClInclude>
    <ClInclude Include="Source\GlobalData.h">
      <Filter>Cores</Filter>
    </ClInclude>
    <ClInclude Include="Source\GraphicsCore.h">
      <Filter>Cores</Filter>
    </ClInclude>
    <ClInclude Include="Source\Shape2DRect.h">
      <Filter>Containers</Filter>
    </ClInclude>
    <ClInclude Include="Source\Shape2D.h">
      <Filter>Containers</Filter>
    </ClInclude>
    <ClInclude Include="Source\Shape2DCircle.h">
      <Filter>Containers</Filter>
    </ClInclude>
    <ClInclude Include="Source\InputEvent.h">
      <Filter>Containers</Filter>
    </ClInclude>
    <ClInclude Include="Source\EventCore.h">
      <Filter>Cores</Filter>
    </ClInclude>
    <ClInclude Include="Source\AudioCore.h">
      <Filter>Cores</Filter>
    </ClInclude>
    <ClInclude Include="Source\Animation.h">
      <Filter>Containers</Filter>
    </ClInclude>
    <ClInclude Include="Source\FileReader.h">
      <Filter>Utilities</Filter>
    </ClInclude>
    <ClInclude Include="Source\dirent.h">
      <Filter>Utilities</Filter>
    </ClInclude>
    <ClInclude Include="Source\CharacterController.h">
      <Filter>Game Utility Classes\Base Classes</Filter>
    </ClInclude>
    <ClInclude Include="Source\GameObject.h">
      <Filter>Game Utility Classes\Base Classes</Filter>
    </ClInclude>
    <ClInclude Include="Source\MappyLevel.h">
      <Filter>Legacy</Filter>
    </ClInclude>
    <ClInclude Include="Source\mappy_A5.h">
      <Filter>Legacy</Filter>
    </ClInclude>
    <ClInclude Include="Source\Timer.h">
      <Filter>Utilities</Filter>
    </ClInclude>
    <ClInclude Include="Source\Emitter.h">
      <Filter>Game Utility Classes\Base Classes</Filter>
    </ClInclude>
    <ClInclude Include="Source\LuaInterface.h">
      <Filter>Cores</Filter>
    </ClInclude>
    <ClInclude Include="Source\BreakoutPaddleController.h">
      <Filter>Game Classes\Breakout</Filter>
    </ClInclude>
    <ClInclude Include="Source\BreakoutBall.h">
      <Filter>Game Classes\Breakout</Filter>
    </ClInclude>
    <ClInclude Include="Source\BreakoutBlock.h">
      <Filter>Game Classes\Breakout</Filter>
    </ClInclude>
    <ClInclude Include="Source\BreakoutPaddle.h">
      <Filter>Game Classes\Breakout</Filter>
    </ClInclude>
    <ClInclude Include="Source\WitchController.h">
      <Filter>Game Classes\Salem</Filter>
    </ClInclude>
    <ClInclude Include="Source\Witch.h">
      <Filter>Game Classes\Salem</Filter>
    </ClInclude>
    <ClInclude Include="Source\UtilityRectangle.h">
      <Filter>Game Utility Classes\Base Classes</Filter>
    </ClInclude>
    <ClInclude Include="Source\UtilityCircle.h">
      <Filter>Game Utility Classes\Base Classes</Filter>
    </ClInclude>
    <ClInclude Include="Source\Bullet.h">
      <Filter>Game Classes\Salem</Filter>
    </ClInclude>
    <ClInclude Include="Source\TiledLevel.h">
      <Filter>Game Utility Classes\Levels</Filter>
    </ClInclude>
    <ClInclude Include="Source\LevelCollisionTile.h">
      <Filter>Game Utility Classes\Levels</Filter>
    </ClInclude>
    <ClInclude Include="Source\ParticleEmitter.h">
      <Filter>Game Utility Classes\Effects</Filter>
    </ClInclude>
  </ItemGroup>
</Project>