<?xml version="1.0" encoding="utf-8"?>
<Project ToolsVersion="4.0" xmlns="http://schemas.microsoft.com/developer/msbuild/2003">
  <ItemGroup>
    <Filter Include="Resource Files">
      <UniqueIdentifier>{67DA6AB6-F800-4c08-8B7A-83BB121AAD01}</UniqueIdentifier>
      <Extensions>rc;ico;cur;bmp;dlg;rc2;rct;bin;rgs;gif;jpg;jpeg;jpe;resx;tiff;tif;png;wav;mfcribbon-ms</Extensions>
    </Filter>
    <Filter Include="Cores">
      <UniqueIdentifier>{32cc3dc2-c9c9-48dc-927e-6f1218a02d0f}</UniqueIdentifier>
    </Filter>
    <Filter Include="Utilities">
      <UniqueIdentifier>{34b027f1-e044-4463-b641-4a3970188826}</UniqueIdentifier>
    </Filter>
    <Filter Include="Containers">
      <UniqueIdentifier>{1116bf39-9c40-4c1c-b315-f09b354038d0}</UniqueIdentifier>
    </Filter>
    <Filter Include="Game Classes">
      <UniqueIdentifier>{6d19b6fb-7cc7-4865-a2dc-3fd82137e10e}</UniqueIdentifier>
    </Filter>
  </ItemGroup>
  <ItemGroup>
    <ClCompile Include="Source\CubeGrid.cpp">
      <Filter>Containers</Filter>
    </ClCompile>
    <ClCompile Include="Source\SquareGrid.cpp">
      <Filter>Containers</Filter>
    </ClCompile>
    <ClCompile Include="Source\Vector2D.cpp">
      <Filter>Containers</Filter>
    </ClCompile>
    <ClCompile Include="Source\Vector2DF.cpp">
      <Filter>Containers</Filter>
    </ClCompile>
    <ClCompile Include="Source\GlobalData.cpp">
      <Filter>Cores</Filter>
    </ClCompile>
    <ClCompile Include="Source\GraphicsCore.cpp">
      <Filter>Cores</Filter>
    </ClCompile>
    <ClCompile Include="Source\Shape2D.cpp">
      <Filter>Containers</Filter>
    </ClCompile>
    <ClCompile Include="Source\Shape2DCircle.cpp">
      <Filter>Containers</Filter>
    </ClCompile>
    <ClCompile Include="Source\Shape2DRect.cpp">
      <Filter>Containers</Filter>
    </ClCompile>
    <ClCompile Include="Source\main.cpp">
      <Filter>Resource Files</Filter>
    </ClCompile>
    <ClCompile Include="Source\InputEvent.cpp">
      <Filter>Containers</Filter>
    </ClCompile>
    <ClCompile Include="Source\Witch.cpp">
      <Filter>Game Classes</Filter>
    </ClCompile>
    <ClCompile Include="Source\EventCore.cpp">
      <Filter>Cores</Filter>
    </ClCompile>
    <ClCompile Include="Source\GameObject.cpp">
      <Filter>Game Classes</Filter>
    </ClCompile>
    <ClCompile Include="Source\CharacterController.cpp">
      <Filter>Game Classes</Filter>
    </ClCompile>
    <ClCompile Include="Source\Animation.cpp" />
    <ClCompile Include="Source\FileReader.cpp" />
    <ClCompile Include="Source\dirent.c" />
    <ClCompile Include="Source\AudioCore.cpp">
      <Filter>Cores</Filter>
    </ClCompile>
  </ItemGroup>
  <ItemGroup>
    <ClInclude Include="Source\CubeGrid.h">
      <Filter>Containers</Filter>
    </ClInclude>
    <ClInclude Include="Source\SquareGrid.h">
      <Filter>Containers</Filter>
    </ClInclude>
    <ClInclude Include="Source\Vector2D.h">
      <Filter>Containers</Filter>
    </ClInclude>
    <ClInclude Include="Source\Vector2DF.h">
      <Filter>Containers</Filter>
    </ClInclude>
    <ClInclude Include="Source\GlobalData.h">
      <Filter>Cores</Filter>
    </ClInclude>
    <ClInclude Include="Source\GraphicsCore.h">
      <Filter>Cores</Filter>
    </ClInclude>
    <ClInclude Include="Source\Shape2DRect.h">
      <Filter>Containers</Filter>
    </ClInclude>
    <ClInclude Include="Source\Shape2D.h">
      <Filter>Containers</Filter>
    </ClInclude>
    <ClInclude Include="Source\Shape2DCircle.h">
      <Filter>Containers</Filter>
    </ClInclude>
    <ClInclude Include="Source\InputEvent.h">
      <Filter>Containers</Filter>
    </ClInclude>
    <ClInclude Include="Source\Witch.h">
      <Filter>Game Classes</Filter>
    </ClInclude>
    <ClInclude Include="Source\EventCore.h">
      <Filter>Cores</Filter>
    </ClInclude>
    <ClInclude Include="Source\GameObject.h">
      <Filter>Game Classes</Filter>
    </ClInclude>
    <ClInclude Include="Source\CharacterController.h">
      <Filter>Game Classes</Filter>
    </ClInclude>
    <ClInclude Include="Source\Animation.h" />
    <ClInclude Include="Source\FileReader.h" />
    <ClInclude Include="Source\dirent.h" />
    <ClInclude Include="Source\AudioCore.h">
      <Filter>Cores</Filter>
    </ClInclude>
  </ItemGroup>
</Project>